
Microsoft Visual Studio Solution File, Format Version 12.00
# Visual Studio Version 17
VisualStudioVersion = 17.3.32929.385
MinimumVisualStudioVersion = 10.0.40219.1
Project("{FAE04EC0-301F-11D3-BF4B-00C04F79EFBC}") = "LogisticalEnterprises", "LogisticalEnterprises\LogisticalEnterprises.csproj", "{D5255073-51CC-434D-B856-22B76F862B05}"
EndProject
Global
	GlobalSection(SolutionConfigurationPlatforms) = preSolution
		Debug|Any CPU = Debug|Any CPU
		Release|Any CPU = Release|Any CPU
	EndGlobalSection
	GlobalSection(ProjectConfigurationPlatforms) = postSolution
		{D5255073-51CC-434D-B856-22B76F862B05}.Debug|Any CPU.ActiveCfg = Debug|Any CPU
		{D5255073-51CC-434D-B856-22B76F862B05}.Debug|Any CPU.Build.0 = Debug|Any CPU
		{D5255073-51CC-434D-B856-22B76F862B05}.Release|Any CPU.ActiveCfg = Release|Any CPU
		{D5255073-51CC-434D-B856-22B76F862B05}.Release|Any CPU.Build.0 = Release|Any CPU
	EndGlobalSection
	GlobalSection(SolutionProperties) = preSolution
		HideSolutionNode = FALSE
	EndGlobalSection
	GlobalSection(ExtensibilityGlobals) = postSolution
		SolutionGuid = {D7B42989-0C10-4206-984F-EB9EB9EC1ECE}
	EndGlobalSection
EndGlobal
